{
    "name": "momsregretti.github.io",
    "lockfileVersion": 3,
    "requires": true,
    "packages": {
        "": {
            "dependencies": {
                "framer-motion": "^10.12.16"
            }
        },
        "node_modules/@emotion/is-prop-valid": {
            "version": "0.8.8",
            "license": "MIT",
            "optional": true,
            "dependencies": {
                "@emotion/memoize": "0.7.4"
            }
        },
        "node_modules/@emotion/memoize": {
            "version": "0.7.4",
            "license": "MIT",
            "optional": true
        },
        "node_modules/framer-motion": {
            "version": "10.12.16",
            "license": "MIT",
            "dependencies": {
                "tslib": "^2.4.0"
            },
            "optionalDependencies": {
                "@emotion/is-prop-valid": "^0.8.2"
            },
            "peerDependencies": {
                "react": "^18.0.0",
                "react-dom": "^18.0.0"
            },
            "peerDependenciesMeta": {
                "react": {
                    "optional": true
                },
                "react-dom": {
                    "optional": true
                }
            }
        },
        "node_modules/tslib": {
            "version": "2.5.2",
            "license": "0BSD"
        }
    }
}
